<?xml version="1.0" encoding="utf-8"?>
<Project ToolsVersion="4.0" xmlns="http://schemas.microsoft.com/developer/msbuild/2003">
  <ItemGroup>
    <Filter Include="Source Files">
      <UniqueIdentifier>{4FC737F1-C7A5-4376-A066-2A32D752A2FF}</UniqueIdentifier>
      <Extensions>cpp;c;cc;cxx;c++;cppm;ixx;def;odl;idl;hpj;bat;asm;asmx</Extensions>
    </Filter>
    <Filter Include="Header Files">
      <UniqueIdentifier>{93995380-89BD-4b04-88EB-625FBE52EBFB}</UniqueIdentifier>
      <Extensions>h;hh;hpp;hxx;h++;hm;inl;inc;ipp;xsd</Extensions>
    </Filter>
    <Filter Include="Resource Files">
      <UniqueIdentifier>{67DA6AB6-F800-4c08-8B7A-83BB121AAD01}</UniqueIdentifier>
      <Extensions>rc;ico;cur;bmp;dlg;rc2;rct;bin;rgs;gif;jpg;jpeg;jpe;resx;tiff;tif;png;wav;mfcribbon-ms</Extensions>
    </Filter>
  </ItemGroup>
  <ItemGroup>
    <ClInclude Include="Zorkish\hdr\StateManager.h">
      <Filter>Header Files</Filter>
    </ClInclude>
    <ClInclude Include="Zorkish\hdr\States.h">
      <Filter>Header Files</Filter>
    </ClInclude>
    <ClInclude Include="Zorkish\hdr\Entity.h">
      <Filter>Header Files</Filter>
    </ClInclude>
    <ClInclude Include="Components\hdr\C_Spatial.h">
      <Filter>Header Files</Filter>
    </ClInclude>
    <ClInclude Include="Components\hdr\Component.h">
      <Filter>Header Files</Filter>
    </ClInclude>
    <ClInclude Include="Zorkish\hdr\GameData.h">
      <Filter>Header Files</Filter>
    </ClInclude>
    <ClInclude Include="Components\hdr\C_Inventory.h">
      <Filter>Header Files</Filter>
    </ClInclude>
    <ClInclude Include="Components\hdr\C_Render.h">
      <Filter>Header Files</Filter>
    </ClInclude>
    <ClInclude Include="Components\hdr\InventorySlot.h">
      <Filter>Header Files</Filter>
    </ClInclude>
    <ClInclude Include="Zorkish\hdr\EntityFactory.h">
      <Filter>Header Files</Filter>
    </ClInclude>
    <ClInclude Include="Zorkish\hdr\ComponentFactory.h">
      <Filter>Header Files</Filter>
    </ClInclude>
    <ClInclude Include="Zorkish\hdr\WorldLoader.h">
      <Filter>Header Files</Filter>
    </ClInclude>
    <ClInclude Include="Components\hdr\C_Portal.h">
      <Filter>Header Files</Filter>
    </ClInclude>
  </ItemGroup>
  <ItemGroup>
    <ClCompile Include="Zorkish\src\StateManager.cpp">
      <Filter>Source Files</Filter>
    </ClCompile>
    <ClCompile Include="Zorkish\src\States.cpp">
      <Filter>Source Files</Filter>
    </ClCompile>
    <ClCompile Include="Zorkish\src\Main.cpp">
      <Filter>Source Files</Filter>
    </ClCompile>
    <ClCompile Include="Zorkish\src\Entity.cpp">
      <Filter>Source Files</Filter>
    </ClCompile>
    <ClCompile Include="Components\src\C_Spatial.cpp">
      <Filter>Source Files</Filter>
    </ClCompile>
    <ClCompile Include="Components\src\C_Inventory.cpp">
      <Filter>Source Files</Filter>
    </ClCompile>
    <ClCompile Include="Components\src\C_Render.cpp">
      <Filter>Source Files</Filter>
    </ClCompile>
    <ClCompile Include="Components\src\InventorySlot.cpp">
      <Filter>Source Files</Filter>
    </ClCompile>
    <ClCompile Include="Zorkish\src\EntityFactory.cpp">
      <Filter>Source Files</Filter>
    </ClCompile>
    <ClCompile Include="Zorkish\src\ComponentFactory.cpp">
      <Filter>Source Files</Filter>
    </ClCompile>
    <ClCompile Include="Zorkish\src\WorldLoader.cpp">
      <Filter>Source Files</Filter>
    </ClCompile>
    <ClCompile Include="Components\src\C_Portal.cpp">
      <Filter>Source Files</Filter>
    </ClCompile>
  </ItemGroup>
</Project>