
Microsoft Visual Studio Solution File, Format Version 12.00
# Visual Studio Version 17
VisualStudioVersion = 17.7.34009.444
MinimumVisualStudioVersion = 10.0.40219.1
Project("{8BC9CEB8-8B4A-11D0-8D11-00A0C91BC942}") = "GameDataStructures", "GameDataStructures.vcxproj", "{ABF73254-5379-46FF-A357-7030225C32EC}"
EndProject
Global
	GlobalSection(SolutionConfigurationPlatforms) = preSolution
		Debug|x64 = Debug|x64
		Debug|x86 = Debug|x86
		Release|x64 = Release|x64
		Release|x86 = Release|x86
	EndGlobalSection
	GlobalSection(ProjectConfigurationPlatforms) = postSolution
		{ABF73254-5379-46FF-A357-7030225C32EC}.Debug|x64.ActiveCfg = Debug|x64
		{ABF73254-5379-46FF-A357-7030225C32EC}.Debug|x64.Build.0 = Debug|x64
		{ABF73254-5379-46FF-A357-7030225C32EC}.Debug|x86.ActiveCfg = Debug|Win32
		{ABF73254-5379-46FF-A357-7030225C32EC}.Debug|x86.Build.0 = Debug|Win32
		{ABF73254-5379-46FF-A357-7030225C32EC}.Release|x64.ActiveCfg = Release|x64
		{ABF73254-5379-46FF-A357-7030225C32EC}.Release|x64.Build.0 = Release|x64
		{ABF73254-5379-46FF-A357-7030225C32EC}.Release|x86.ActiveCfg = Release|Win32
		{ABF73254-5379-46FF-A357-7030225C32EC}.Release|x86.Build.0 = Release|Win32
	EndGlobalSection
	GlobalSection(SolutionProperties) = preSolution
		HideSolutionNode = FALSE
	EndGlobalSection
	GlobalSection(ExtensibilityGlobals) = postSolution
		SolutionGuid = {D891BE90-A170-4E47-AB0E-D95ED527630A}
	EndGlobalSection
EndGlobal
